
Microsoft Visual Studio Solution File, Format Version 12.00
# Visual Studio Version 16
VisualStudioVersion = 16.0.30320.27
MinimumVisualStudioVersion = 10.0.40219.1
Project("{FAE04EC0-301F-11D3-BF4B-00C04F79EFBC}") = "OdeToFood2", "OdeToFood2\OdeToFood2.csproj", "{4873789D-D4C2-46E4-A953-844C0ACE3619}"
EndProject
Project("{FAE04EC0-301F-11D3-BF4B-00C04F79EFBC}") = "OdeToFood2.Core", "OdeToFood2.Core\OdeToFood2.Core.csproj", "{7A80E8A7-C83A-4EAA-B75F-CCD580A88738}"
EndProject
Project("{FAE04EC0-301F-11D3-BF4B-00C04F79EFBC}") = "OdeToFood2.Data", "OdeToFood2.Data\OdeToFood2.Data.csproj", "{AB3BCDCA-9189-45D7-9A4F-7192985E8196}"
EndProject
Global
	GlobalSection(SolutionConfigurationPlatforms) = preSolution
		Debug|Any CPU = Debug|Any CPU
		Release|Any CPU = Release|Any CPU
	EndGlobalSection
	GlobalSection(ProjectConfigurationPlatforms) = postSolution
		{4873789D-D4C2-46E4-A953-844C0ACE3619}.Debug|Any CPU.ActiveCfg = Debug|Any CPU
		{4873789D-D4C2-46E4-A953-844C0ACE3619}.Debug|Any CPU.Build.0 = Debug|Any CPU
		{4873789D-D4C2-46E4-A953-844C0ACE3619}.Release|Any CPU.ActiveCfg = Release|Any CPU
		{4873789D-D4C2-46E4-A953-844C0ACE3619}.Release|Any CPU.Build.0 = Release|Any CPU
		{7A80E8A7-C83A-4EAA-B75F-CCD580A88738}.Debug|Any CPU.ActiveCfg = Debug|Any CPU
		{7A80E8A7-C83A-4EAA-B75F-CCD580A88738}.Debug|Any CPU.Build.0 = Debug|Any CPU
		{7A80E8A7-C83A-4EAA-B75F-CCD580A88738}.Release|Any CPU.ActiveCfg = Release|Any CPU
		{7A80E8A7-C83A-4EAA-B75F-CCD580A88738}.Release|Any CPU.Build.0 = Release|Any CPU
		{AB3BCDCA-9189-45D7-9A4F-7192985E8196}.Debug|Any CPU.ActiveCfg = Debug|Any CPU
		{AB3BCDCA-9189-45D7-9A4F-7192985E8196}.Debug|Any CPU.Build.0 = Debug|Any CPU
		{AB3BCDCA-9189-45D7-9A4F-7192985E8196}.Release|Any CPU.ActiveCfg = Release|Any CPU
		{AB3BCDCA-9189-45D7-9A4F-7192985E8196}.Release|Any CPU.Build.0 = Release|Any CPU
	EndGlobalSection
	GlobalSection(SolutionProperties) = preSolution
		HideSolutionNode = FALSE
	EndGlobalSection
	GlobalSection(ExtensibilityGlobals) = postSolution
		SolutionGuid = {B0299CD7-773F-434B-B633-4B216A99E4E3}
	EndGlobalSection
EndGlobal
